
Microsoft Visual Studio Solution File, Format Version 12.00
# Visual Studio 2012
Project("{FAE04EC0-301F-11D3-BF4B-00C04F79EFBC}") = "DataGridView_List", "DataGridView_List\DataGridView_List.csproj", "{E7344E3C-909B-4AEE-9017-43EA0B0F9733}"
EndProject
Global
	GlobalSection(SolutionConfigurationPlatforms) = preSolution
		Debug|Any CPU = Debug|Any CPU
		Release|Any CPU = Release|Any CPU
	EndGlobalSection
	GlobalSection(ProjectConfigurationPlatforms) = postSolution
		{E7344E3C-909B-4AEE-9017-43EA0B0F9733}.Debug|Any CPU.ActiveCfg = Debug|Any CPU
		{E7344E3C-909B-4AEE-9017-43EA0B0F9733}.Debug|Any CPU.Build.0 = Debug|Any CPU
		{E7344E3C-909B-4AEE-9017-43EA0B0F9733}.Release|Any CPU.ActiveCfg = Release|Any CPU
		{E7344E3C-909B-4AEE-9017-43EA0B0F9733}.Release|Any CPU.Build.0 = Release|Any CPU
	EndGlobalSection
	GlobalSection(SolutionProperties) = preSolution
		HideSolutionNode = FALSE
	EndGlobalSection
EndGlobal
